
Microsoft Visual Studio Solution File, Format Version 12.00
# Visual Studio Version 16
VisualStudioVersion = 16.0.28803.202
MinimumVisualStudioVersion = 10.0.40219.1
Project("{9A19103F-16F7-4668-BE54-9A1E7A4F7556}") = "Avalonia.IconPacks", "src\Avalonia.IconPacks\Avalonia.IconPacks.csproj", "{B2636FCD-AB66-44DF-9392-87B327DC1004}"
EndProject
Project("{FAE04EC0-301F-11D3-BF4B-00C04F79EFBC}") = "MetroIconPackExport", "src\MetroIconPackExport\MetroIconPackExport.csproj", "{ED1E6FDD-C104-4C38-86F6-6BD943842714}"
EndProject
Project("{2150E333-8FDC-42A3-9474-1A3956D46DE8}") = "Solution Items", "Solution Items", "{164947A9-15F3-4BDA-AA10-D7EA7A017870}"
	ProjectSection(SolutionItems) = preProject
		LICENSE = LICENSE
		README.md = README.md
	EndProjectSection
EndProject
Global
	GlobalSection(SolutionConfigurationPlatforms) = preSolution
		Debug|Any CPU = Debug|Any CPU
		Release|Any CPU = Release|Any CPU
	EndGlobalSection
	GlobalSection(ProjectConfigurationPlatforms) = postSolution
		{B2636FCD-AB66-44DF-9392-87B327DC1004}.Debug|Any CPU.ActiveCfg = Debug|Any CPU
		{B2636FCD-AB66-44DF-9392-87B327DC1004}.Debug|Any CPU.Build.0 = Debug|Any CPU
		{B2636FCD-AB66-44DF-9392-87B327DC1004}.Release|Any CPU.ActiveCfg = Release|Any CPU
		{B2636FCD-AB66-44DF-9392-87B327DC1004}.Release|Any CPU.Build.0 = Release|Any CPU
		{ED1E6FDD-C104-4C38-86F6-6BD943842714}.Debug|Any CPU.ActiveCfg = Debug|Any CPU
		{ED1E6FDD-C104-4C38-86F6-6BD943842714}.Debug|Any CPU.Build.0 = Debug|Any CPU
		{ED1E6FDD-C104-4C38-86F6-6BD943842714}.Release|Any CPU.ActiveCfg = Release|Any CPU
		{ED1E6FDD-C104-4C38-86F6-6BD943842714}.Release|Any CPU.Build.0 = Release|Any CPU
	EndGlobalSection
	GlobalSection(SolutionProperties) = preSolution
		HideSolutionNode = FALSE
	EndGlobalSection
	GlobalSection(ExtensibilityGlobals) = postSolution
		SolutionGuid = {336F6E93-5F0A-4323-90E5-957588B387EB}
	EndGlobalSection
EndGlobal
